// !$*UTF8*$!
{
	archiveVersion = 1;
	classes = {
	};
	objectVersion = 50;
	objects = {

/* Begin PBXBuildFile section */
		FDAA7634249D392F006136E5 /* AppDelegate.swift in Sources */ = {isa = PBXBuildFile; fileRef = FDAA7633249D392F006136E5 /* AppDelegate.swift */; };
		FDAA7636249D392F006136E5 /* SceneDelegate.swift in Sources */ = {isa = PBXBuildFile; fileRef = FDAA7635249D392F006136E5 /* SceneDelegate.swift */; };
		FDAA763B249D392F006136E5 /* Main.storyboard in Resources */ = {isa = PBXBuildFile; fileRef = FDAA7639249D392F006136E5 /* Main.storyboard */; };
		FDAA763D249D3930006136E5 /* Assets.xcassets in Resources */ = {isa = PBXBuildFile; fileRef = FDAA763C249D3930006136E5 /* Assets.xcassets */; };
		FDAA7640249D3930006136E5 /* LaunchScreen.storyboard in Resources */ = {isa = PBXBuildFile; fileRef = FDAA763E249D3930006136E5 /* LaunchScreen.storyboard */; };
		FDAA764B249D3A5D006136E5 /* UserLocationViewController.swift in Sources */ = {isa = PBXBuildFile; fileRef = FDAA764A249D3A5D006136E5 /* UserLocationViewController.swift */; };
/* End PBXBuildFile section */

/* Begin PBXFileReference section */
		FDAA7630249D392F006136E5 /* soilconnect-map.app */ = {isa = PBXFileReference; explicitFileType = wrapper.application; includeInIndex = 0; path = "soilconnect-map.app"; sourceTree = BUILT_PRODUCTS_DIR; };
		FDAA7633249D392F006136E5 /* AppDelegate.swift */ = {isa = PBXFileReference; lastKnownFileType = sourcecode.swift; path = AppDelegate.swift; sourceTree = "<group>"; };
		FDAA7635249D392F006136E5 /* SceneDelegate.swift */ = {isa = PBXFileReference; lastKnownFileType = sourcecode.swift; path = SceneDelegate.swift; sourceTree = "<group>"; };
		FDAA763A249D392F006136E5 /* Base */ = {isa = PBXFileReference; lastKnownFileType = file.storyboard; name = Base; path = Base.lproj/Main.storyboard; sourceTree = "<group>"; };
		FDAA763C249D3930006136E5 /* Assets.xcassets */ = {isa = PBXFileReference; lastKnownFileType = folder.assetcatalog; path = Assets.xcassets; sourceTree = "<group>"; };
		FDAA763F249D3930006136E5 /* Base */ = {isa = PBXFileReference; lastKnownFileType = file.storyboard; name = Base; path = Base.lproj/LaunchScreen.storyboard; sourceTree = "<group>"; };
		FDAA7641249D3930006136E5 /* Info.plist */ = {isa = PBXFileReference; lastKnownFileType = text.plist.xml; path = Info.plist; sourceTree = "<group>"; };
		FDAA764A249D3A5D006136E5 /* UserLocationViewController.swift */ = {isa = PBXFileReference; lastKnownFileType = sourcecode.swift; path = UserLocationViewController.swift; sourceTree = "<group>"; };
/* End PBXFileReference section */

/* Begin PBXFrameworksBuildPhase section */
		FDAA762D249D392F006136E5 /* Frameworks */ = {
			isa = PBXFrameworksBuildPhase;
			buildActionMask = 2147483647;
			files = (
			);
			runOnlyForDeploymentPostprocessing = 0;
		};
/* End PBXFrameworksBuildPhase section */

/* Begin PBXGroup section */
		FDAA7627249D392F006136E5 = {
			isa = PBXGroup;
			children = (
				FDAA7632249D392F006136E5 /* soilconnect-map */,
				FDAA7631249D392F006136E5 /* Products */,
			);
			sourceTree = "<group>";
		};
		FDAA7631249D392F006136E5 /* Products */ = {
			isa = PBXGroup;
			children = (
				FDAA7630249D392F006136E5 /* soilconnect-map.app */,
			);
			name = Products;
			sourceTree = "<group>";
		};
		FDAA7632249D392F006136E5 /* soilconnect-map */ = {
			isa = PBXGroup;
			children = (
				FDAA7649249D3967006136E5 /* Views */,
				FDAA7648249D3951006136E5 /* Model */,
				FDAA7647249D3947006136E5 /* Controllers */,
				FDAA7633249D392F006136E5 /* AppDelegate.swift */,
				FDAA7635249D392F006136E5 /* SceneDelegate.swift */,
				FDAA7639249D392F006136E5 /* Main.storyboard */,
				FDAA763C249D3930006136E5 /* Assets.xcassets */,
				FDAA763E249D3930006136E5 /* LaunchScreen.storyboard */,
				FDAA7641249D3930006136E5 /* Info.plist */,
			);
			path = "soilconnect-map";
			sourceTree = "<group>";
		};
		FDAA7647249D3947006136E5 /* Controllers */ = {
			isa = PBXGroup;
			children = (
				FDAA764A249D3A5D006136E5 /* UserLocationViewController.swift */,
			);
			path = Controllers;
			sourceTree = "<group>";
		};
		FDAA7648249D3951006136E5 /* Model */ = {
			isa = PBXGroup;
			children = (
			);
			path = Model;
			sourceTree = "<group>";
		};
		FDAA7649249D3967006136E5 /* Views */ = {
			isa = PBXGroup;
			children = (
			);
			path = Views;
			sourceTree = "<group>";
		};
/* End PBXGroup section */

/* Begin PBXNativeTarget section */
		FDAA762F249D392F006136E5 /* soilconnect-map */ = {
			isa = PBXNativeTarget;
			buildConfigurationList = FDAA7644249D3930006136E5 /* Build configuration list for PBXNativeTarget "soilconnect-map" */;
			buildPhases = (
				FDAA762C249D392F006136E5 /* Sources */,
				FDAA762D249D392F006136E5 /* Frameworks */,
				FDAA762E249D392F006136E5 /* Resources */,
			);
			buildRules = (
			);
			dependencies = (
			);
			name = "soilconnect-map";
			productName = "soilconnect-map";
			productReference = FDAA7630249D392F006136E5 /* soilconnect-map.app */;
			productType = "com.apple.product-type.application";
		};
/* End PBXNativeTarget section */

/* Begin PBXProject section */
		FDAA7628249D392F006136E5 /* Project object */ = {
			isa = PBXProject;
			attributes = {
				LastSwiftUpdateCheck = 1150;
				LastUpgradeCheck = 1150;
				ORGANIZATIONNAME = "Jeremy Mankin";
				TargetAttributes = {
					FDAA762F249D392F006136E5 = {
						CreatedOnToolsVersion = 11.5;
					};
				};
			};
			buildConfigurationList = FDAA762B249D392F006136E5 /* Build configuration list for PBXProject "soilconnect-map" */;
			compatibilityVersion = "Xcode 9.3";
			developmentRegion = en;
			hasScannedForEncodings = 0;
			knownRegions = (
				en,
				Base,
			);
			mainGroup = FDAA7627249D392F006136E5;
			productRefGroup = FDAA7631249D392F006136E5 /* Products */;
			projectDirPath = "";
			projectRoot = "";
			targets = (
				FDAA762F249D392F006136E5 /* soilconnect-map */,
			);
		};
/* End PBXProject section */

/* Begin PBXResourcesBuildPhase section */
		FDAA762E249D392F006136E5 /* Resources */ = {
			isa = PBXResourcesBuildPhase;
			buildActionMask = 2147483647;
			files = (
				FDAA7640249D3930006136E5 /* LaunchScreen.storyboard in Resources */,
				FDAA763D249D3930006136E5 /* Assets.xcassets in Resources */,
				FDAA763B249D392F006136E5 /* Main.storyboard in Resources */,
			);
			runOnlyForDeploymentPostprocessing = 0;
		};
/* End PBXResourcesBuildPhase section */

/* Begin PBXSourcesBuildPhase section */
		FDAA762C249D392F006136E5 /* Sources */ = {
			isa = PBXSourcesBuildPhase;
			buildActionMask = 2147483647;
			files = (
				FDAA7634249D392F006136E5 /* AppDelegate.swift in Sources */,
				FDAA7636249D392F006136E5 /* SceneDelegate.swift in Sources */,
				FDAA764B249D3A5D006136E5 /* UserLocationViewController.swift in Sources */,
			);
			runOnlyForDeploymentPostprocessing = 0;
		};
/* End PBXSourcesBuildPhase section */

/* Begin PBXVariantGroup section */
		FDAA7639249D392F006136E5 /* Main.storyboard */ = {
			isa = PBXVariantGroup;
			children = (
				FDAA763A249D392F006136E5 /* Base */,
			);
			name = Main.storyboard;
			sourceTree = "<group>";
		};
		FDAA763E249D3930006136E5 /* LaunchScreen.storyboard */ = {
			isa = PBXVariantGroup;
			children = (
				FDAA763F249D3930006136E5 /* Base */,
			);
			name = LaunchScreen.storyboard;
			sourceTree = "<group>";
		};
/* End PBXVariantGroup section */

/* Begin XCBuildConfiguration section */
		FDAA7642249D3930006136E5 /* Debug */ = {
			isa = XCBuildConfiguration;
			buildSettings = {
				ALWAYS_SEARCH_USER_PATHS = NO;
				CLANG_ANALYZER_NONNULL = YES;
				CLANG_ANALYZER_NUMBER_OBJECT_CONVERSION = YES_AGGRESSIVE;
				CLANG_CXX_LANGUAGE_STANDARD = "gnu++14";
				CLANG_CXX_LIBRARY = "libc++";
				CLANG_ENABLE_MODULES = YES;
				CLANG_ENABLE_OBJC_ARC = YES;
				CLANG_ENABLE_OBJC_WEAK = YES;
				CLANG_WARN_BLOCK_CAPTURE_AUTORELEASING = YES;
				CLANG_WARN_BOOL_CONVERSION = YES;
				CLANG_WARN_COMMA = YES;
				CLANG_WARN_CONSTANT_CONVERSION = YES;
				CLANG_WARN_DEPRECATED_OBJC_IMPLEMENTATIONS = YES;
				CLANG_WARN_DIRECT_OBJC_ISA_USAGE = YES_ERROR;
				CLANG_WARN_DOCUMENTATION_COMMENTS = YES;
				CLANG_WARN_EMPTY_BODY = YES;
				CLANG_WARN_ENUM_CONVERSION = YES;
				CLANG_WARN_INFINITE_RECURSION = YES;
				CLANG_WARN_INT_CONVERSION = YES;
				CLANG_WARN_NON_LITERAL_NULL_CONVERSION = YES;
				CLANG_WARN_OBJC_IMPLICIT_RETAIN_SELF = YES;
				CLANG_WARN_OBJC_LITERAL_CONVERSION = YES;
				CLANG_WARN_OBJC_ROOT_CLASS = YES_ERROR;
				CLANG_WARN_RANGE_LOOP_ANALYSIS = YES;
				CLANG_WARN_STRICT_PROTOTYPES = YES;
				CLANG_WARN_SUSPICIOUS_MOVE = YES;
				CLANG_WARN_UNGUARDED_AVAILABILITY = YES_AGGRESSIVE;
				CLANG_WARN_UNREACHABLE_CODE = YES;
				CLANG_WARN__DUPLICATE_METHOD_MATCH = YES;
				COPY_PHASE_STRIP = NO;
				DEBUG_INFORMATION_FORMAT = dwarf;
				ENABLE_STRICT_OBJC_MSGSEND = YES;
				ENABLE_TESTABILITY = YES;
				GCC_C_LANGUAGE_STANDARD = gnu11;
				GCC_DYNAMIC_NO_PIC = NO;
				GCC_NO_COMMON_BLOCKS = YES;
				GCC_OPTIMIZATION_LEVEL = 0;
				GCC_PREPROCESSOR_DEFINITIONS = (
					"DEBUG=1",
					"$(inherited)",
				);
				GCC_WARN_64_TO_32_BIT_CONVERSION = YES;
				GCC_WARN_ABOUT_RETURN_TYPE = YES_ERROR;
				GCC_WARN_UNDECLARED_SELECTOR = YES;
				GCC_WARN_UNINITIALIZED_AUTOS = YES_AGGRESSIVE;
				GCC_WARN_UNUSED_FUNCTION = YES;
				GCC_WARN_UNUSED_VARIABLE = YES;
				IPHONEOS_DEPLOYMENT_TARGET = 13.5;
				MTL_ENABLE_DEBUG_INFO = INCLUDE_SOURCE;
				MTL_FAST_MATH = YES;
				ONLY_ACTIVE_ARCH = YES;
				SDKROOT = iphoneos;
				SWIFT_ACTIVE_COMPILATION_CONDITIONS = DEBUG;
				SWIFT_OPTIMIZATION_LEVEL = "-Onone";
			};
			name = Debug;
		};
		FDAA7643249D3930006136E5 /* Release */ = {
			isa = XCBuildConfiguration;
			buildSettings = {
				ALWAYS_SEARCH_USER_PATHS = NO;
				CLANG_ANALYZER_NONNULL = YES;
				CLANG_ANALYZER_NUMBER_OBJECT_CONVERSION = YES_AGGRESSIVE;
				CLANG_CXX_LANGUAGE_STANDARD = "gnu++14";
				CLANG_CXX_LIBRARY = "libc++";
				CLANG_ENABLE_MODULES = YES;
				CLANG_ENABLE_OBJC_ARC = YES;
				CLANG_ENABLE_OBJC_WEAK = YES;
				CLANG_WARN_BLOCK_CAPTURE_AUTORELEASING = YES;
				CLANG_WARN_BOOL_CONVERSION = YES;
				CLANG_WARN_COMMA = YES;
				CLANG_WARN_CONSTANT_CONVERSION = YES;
				CLANG_WARN_DEPRECATED_OBJC_IMPLEMENTATIONS = YES;
				CLANG_WARN_DIRECT_OBJC_ISA_USAGE = YES_ERROR;
				CLANG_WARN_DOCUMENTATION_COMMENTS = YES;
				CLANG_WARN_EMPTY_BODY = YES;
				CLANG_WARN_ENUM_CONVERSION = YES;
				CLANG_WARN_INFINITE_RECURSION = YES;
				CLANG_WARN_INT_CONVERSION = YES;
				CLANG_WARN_NON_LITERAL_NULL_CONVERSION = YES;
				CLANG_WARN_OBJC_IMPLICIT_RETAIN_SELF = YES;
				CLANG_WARN_OBJC_LITERAL_CONVERSION = YES;
				CLANG_WARN_OBJC_ROOT_CLASS = YES_ERROR;
				CLANG_WARN_RANGE_LOOP_ANALYSIS = YES;
				CLANG_WARN_STRICT_PROTOTYPES = YES;
				CLANG_WARN_SUSPICIOUS_MOVE = YES;
				CLANG_WARN_UNGUARDED_AVAILABILITY = YES_AGGRESSIVE;
				CLANG_WARN_UNREACHABLE_CODE = YES;
				CLANG_WARN__DUPLICATE_METHOD_MATCH = YES;
				COPY_PHASE_STRIP = NO;
				DEBUG_INFORMATION_FORMAT = "dwarf-with-dsym";
				ENABLE_NS_ASSERTIONS = NO;
				ENABLE_STRICT_OBJC_MSGSEND = YES;
				GCC_C_LANGUAGE_STANDARD = gnu11;
				GCC_NO_COMMON_BLOCKS = YES;
				GCC_WARN_64_TO_32_BIT_CONVERSION = YES;
				GCC_WARN_ABOUT_RETURN_TYPE = YES_ERROR;
				GCC_WARN_UNDECLARED_SELECTOR = YES;
				GCC_WARN_UNINITIALIZED_AUTOS = YES_AGGRESSIVE;
				GCC_WARN_UNUSED_FUNCTION = YES;
				GCC_WARN_UNUSED_VARIABLE = YES;
				IPHONEOS_DEPLOYMENT_TARGET = 13.5;
				MTL_ENABLE_DEBUG_INFO = NO;
				MTL_FAST_MATH = YES;
				SDKROOT = iphoneos;
				SWIFT_COMPILATION_MODE = wholemodule;
				SWIFT_OPTIMIZATION_LEVEL = "-O";
				VALIDATE_PRODUCT = YES;
			};
			name = Release;
		};
		FDAA7645249D3930006136E5 /* Debug */ = {
			isa = XCBuildConfiguration;
			buildSettings = {
				ASSETCATALOG_COMPILER_APPICON_NAME = AppIcon;
				CODE_SIGN_STYLE = Automatic;
				DEVELOPMENT_TEAM = 92HDL8QYB4;
				INFOPLIST_FILE = "soilconnect-map/Info.plist";
				IPHONEOS_DEPLOYMENT_TARGET = 13.0;
				LD_RUNPATH_SEARCH_PATHS = (
					"$(inherited)",
					"@executable_path/Frameworks",
				);
				PRODUCT_BUNDLE_IDENTIFIER = "com.jeremymankin.soilconnect-map";
				PRODUCT_NAME = "$(TARGET_NAME)";
				SWIFT_VERSION = 5.0;
				TARGETED_DEVICE_FAMILY = "1,2";
			};
			name = Debug;
		};
		FDAA7646249D3930006136E5 /* Release */ = {
			isa = XCBuildConfiguration;
			buildSettings = {
				ASSETCATALOG_COMPILER_APPICON_NAME = AppIcon;
				CODE_SIGN_STYLE = Automatic;
				DEVELOPMENT_TEAM = 92HDL8QYB4;
				INFOPLIST_FILE = "soilconnect-map/Info.plist";
				IPHONEOS_DEPLOYMENT_TARGET = 13.0;
				LD_RUNPATH_SEARCH_PATHS = (
					"$(inherited)",
					"@executable_path/Frameworks",
				);
				PRODUCT_BUNDLE_IDENTIFIER = "com.jeremymankin.soilconnect-map";
				PRODUCT_NAME = "$(TARGET_NAME)";
				SWIFT_VERSION = 5.0;
				TARGETED_DEVICE_FAMILY = "1,2";
			};
			name = Release;
		};
/* End XCBuildConfiguration section */

/* Begin XCConfigurationList section */
		FDAA762B249D392F006136E5 /* Build configuration list for PBXProject "soilconnect-map" */ = {
			isa = XCConfigurationList;
			buildConfigurations = (
				FDAA7642249D3930006136E5 /* Debug */,
				FDAA7643249D3930006136E5 /* Release */,
			);
			defaultConfigurationIsVisible = 0;
			defaultConfigurationName = Release;
		};
		FDAA7644249D3930006136E5 /* Build configuration list for PBXNativeTarget "soilconnect-map" */ = {
			isa = XCConfigurationList;
			buildConfigurations = (
				FDAA7645249D3930006136E5 /* Debug */,
				FDAA7646249D3930006136E5 /* Release */,
			);
			defaultConfigurationIsVisible = 0;
			defaultConfigurationName = Release;
		};
/* End XCConfigurationList section */
	};
	rootObject = FDAA7628249D392F006136E5 /* Project object */;
}
